
Microsoft Visual Studio Solution File, Format Version 12.00
# Visual Studio Version 17
VisualStudioVersion = 17.13.35919.96 d17.13
MinimumVisualStudioVersion = 10.0.40219.1
Project("{FAE04EC0-301F-11D3-BF4B-00C04F79EFBC}") = "ContactList", "ContactList\ContactList.csproj", "{43C4ECDC-D927-47A8-9C01-A405FDA15FA9}"
EndProject
Global
	GlobalSection(SolutionConfigurationPlatforms) = preSolution
		Debug|Any CPU = Debug|Any CPU
		Release|Any CPU = Release|Any CPU
	EndGlobalSection
	GlobalSection(ProjectConfigurationPlatforms) = postSolution
		{43C4ECDC-D927-47A8-9C01-A405FDA15FA9}.Debug|Any CPU.ActiveCfg = Debug|Any CPU
		{43C4ECDC-D927-47A8-9C01-A405FDA15FA9}.Debug|Any CPU.Build.0 = Debug|Any CPU
		{43C4ECDC-D927-47A8-9C01-A405FDA15FA9}.Release|Any CPU.ActiveCfg = Release|Any CPU
		{43C4ECDC-D927-47A8-9C01-A405FDA15FA9}.Release|Any CPU.Build.0 = Release|Any CPU
	EndGlobalSection
	GlobalSection(SolutionProperties) = preSolution
		HideSolutionNode = FALSE
	EndGlobalSection
	GlobalSection(ExtensibilityGlobals) = postSolution
		SolutionGuid = {3FCE44CF-85B9-4431-9BD4-E8F9803A767F}
	EndGlobalSection
EndGlobal
